
Microsoft Visual Studio Solution File, Format Version 12.00
# Visual Studio Version 16
VisualStudioVersion = 16.0.31313.79
MinimumVisualStudioVersion = 10.0.40219.1
Project("{FAE04EC0-301F-11D3-BF4B-00C04F79EFBC}") = "Minesweeper_with_Selenium", "Minesweeper_with_Selenium\Minesweeper_with_Selenium.csproj", "{34B3D852-1546-4C2F-9CF4-25CAB62B64FB}"
EndProject
Global
	GlobalSection(SolutionConfigurationPlatforms) = preSolution
		Debug|Any CPU = Debug|Any CPU
		Release|Any CPU = Release|Any CPU
	EndGlobalSection
	GlobalSection(ProjectConfigurationPlatforms) = postSolution
		{34B3D852-1546-4C2F-9CF4-25CAB62B64FB}.Debug|Any CPU.ActiveCfg = Debug|Any CPU
		{34B3D852-1546-4C2F-9CF4-25CAB62B64FB}.Debug|Any CPU.Build.0 = Debug|Any CPU
		{34B3D852-1546-4C2F-9CF4-25CAB62B64FB}.Release|Any CPU.ActiveCfg = Release|Any CPU
		{34B3D852-1546-4C2F-9CF4-25CAB62B64FB}.Release|Any CPU.Build.0 = Release|Any CPU
	EndGlobalSection
	GlobalSection(SolutionProperties) = preSolution
		HideSolutionNode = FALSE
	EndGlobalSection
	GlobalSection(ExtensibilityGlobals) = postSolution
		SolutionGuid = {80ADE106-236E-4E3F-881D-3724E987F33B}
	EndGlobalSection
EndGlobal
